// !$*UTF8*$!
{
	archiveVersion = 1;
	classes = {
	};
	objectVersion = 50;
	objects = {

/* Begin PBXBuildFile section */
		84A75CB525EAD30900D19849 /* AppDelegate.m in Sources */ = {isa = PBXBuildFile; fileRef = 84A75CB425EAD30900D19849 /* AppDelegate.m */; };
		84A75CB825EAD30900D19849 /* SceneDelegate.m in Sources */ = {isa = PBXBuildFile; fileRef = 84A75CB725EAD30900D19849 /* SceneDelegate.m */; };
		84A75CBB25EAD30900D19849 /* ViewController.m in Sources */ = {isa = PBXBuildFile; fileRef = 84A75CBA25EAD30900D19849 /* ViewController.m */; };
		84A75CBE25EAD30900D19849 /* Main.storyboard in Resources */ = {isa = PBXBuildFile; fileRef = 84A75CBC25EAD30900D19849 /* Main.storyboard */; };
		84A75CC125EAD30900D19849 /* Aviasale.xcdatamodeld in Sources */ = {isa = PBXBuildFile; fileRef = 84A75CBF25EAD30900D19849 /* Aviasale.xcdatamodeld */; };
		84A75CC325EAD30A00D19849 /* Assets.xcassets in Resources */ = {isa = PBXBuildFile; fileRef = 84A75CC225EAD30A00D19849 /* Assets.xcassets */; };
		84A75CC625EAD30A00D19849 /* LaunchScreen.storyboard in Resources */ = {isa = PBXBuildFile; fileRef = 84A75CC425EAD30A00D19849 /* LaunchScreen.storyboard */; };
		84A75CC925EAD30A00D19849 /* main.m in Sources */ = {isa = PBXBuildFile; fileRef = 84A75CC825EAD30A00D19849 /* main.m */; };
/* End PBXBuildFile section */

/* Begin PBXFileReference section */
		84A75CB025EAD30900D19849 /* Aviasale.app */ = {isa = PBXFileReference; explicitFileType = wrapper.application; includeInIndex = 0; path = Aviasale.app; sourceTree = BUILT_PRODUCTS_DIR; };
		84A75CB325EAD30900D19849 /* AppDelegate.h */ = {isa = PBXFileReference; lastKnownFileType = sourcecode.c.h; path = AppDelegate.h; sourceTree = "<group>"; };
		84A75CB425EAD30900D19849 /* AppDelegate.m */ = {isa = PBXFileReference; lastKnownFileType = sourcecode.c.objc; path = AppDelegate.m; sourceTree = "<group>"; };
		84A75CB625EAD30900D19849 /* SceneDelegate.h */ = {isa = PBXFileReference; lastKnownFileType = sourcecode.c.h; path = SceneDelegate.h; sourceTree = "<group>"; };
		84A75CB725EAD30900D19849 /* SceneDelegate.m */ = {isa = PBXFileReference; lastKnownFileType = sourcecode.c.objc; path = SceneDelegate.m; sourceTree = "<group>"; };
		84A75CB925EAD30900D19849 /* ViewController.h */ = {isa = PBXFileReference; lastKnownFileType = sourcecode.c.h; path = ViewController.h; sourceTree = "<group>"; };
		84A75CBA25EAD30900D19849 /* ViewController.m */ = {isa = PBXFileReference; lastKnownFileType = sourcecode.c.objc; path = ViewController.m; sourceTree = "<group>"; };
		84A75CBD25EAD30900D19849 /* Base */ = {isa = PBXFileReference; lastKnownFileType = file.storyboard; name = Base; path = Base.lproj/Main.storyboard; sourceTree = "<group>"; };
		84A75CC025EAD30900D19849 /* Aviasale.xcdatamodel */ = {isa = PBXFileReference; lastKnownFileType = wrapper.xcdatamodel; path = Aviasale.xcdatamodel; sourceTree = "<group>"; };
		84A75CC225EAD30A00D19849 /* Assets.xcassets */ = {isa = PBXFileReference; lastKnownFileType = folder.assetcatalog; path = Assets.xcassets; sourceTree = "<group>"; };
		84A75CC525EAD30A00D19849 /* Base */ = {isa = PBXFileReference; lastKnownFileType = file.storyboard; name = Base; path = Base.lproj/LaunchScreen.storyboard; sourceTree = "<group>"; };
		84A75CC725EAD30A00D19849 /* Info.plist */ = {isa = PBXFileReference; lastKnownFileType = text.plist.xml; path = Info.plist; sourceTree = "<group>"; };
		84A75CC825EAD30A00D19849 /* main.m */ = {isa = PBXFileReference; lastKnownFileType = sourcecode.c.objc; path = main.m; sourceTree = "<group>"; };
/* End PBXFileReference section */

/* Begin PBXFrameworksBuildPhase section */
		84A75CAD25EAD30900D19849 /* Frameworks */ = {
			isa = PBXFrameworksBuildPhase;
			buildActionMask = 2147483647;
			files = (
			);
			runOnlyForDeploymentPostprocessing = 0;
		};
/* End PBXFrameworksBuildPhase section */

/* Begin PBXGroup section */
		84A75CA725EAD30900D19849 = {
			isa = PBXGroup;
			children = (
				84A75CB225EAD30900D19849 /* Aviasale */,
				84A75CB125EAD30900D19849 /* Products */,
			);
			sourceTree = "<group>";
		};
		84A75CB125EAD30900D19849 /* Products */ = {
			isa = PBXGroup;
			children = (
				84A75CB025EAD30900D19849 /* Aviasale.app */,
			);
			name = Products;
			sourceTree = "<group>";
		};
		84A75CB225EAD30900D19849 /* Aviasale */ = {
			isa = PBXGroup;
			children = (
				84A75CB325EAD30900D19849 /* AppDelegate.h */,
				84A75CB425EAD30900D19849 /* AppDelegate.m */,
				84A75CB625EAD30900D19849 /* SceneDelegate.h */,
				84A75CB725EAD30900D19849 /* SceneDelegate.m */,
				84A75CB925EAD30900D19849 /* ViewController.h */,
				84A75CBA25EAD30900D19849 /* ViewController.m */,
				84A75CBC25EAD30900D19849 /* Main.storyboard */,
				84A75CC225EAD30A00D19849 /* Assets.xcassets */,
				84A75CC425EAD30A00D19849 /* LaunchScreen.storyboard */,
				84A75CC725EAD30A00D19849 /* Info.plist */,
				84A75CC825EAD30A00D19849 /* main.m */,
				84A75CBF25EAD30900D19849 /* Aviasale.xcdatamodeld */,
			);
			path = Aviasale;
			sourceTree = "<group>";
		};
/* End PBXGroup section */

/* Begin PBXNativeTarget section */
		84A75CAF25EAD30900D19849 /* Aviasale */ = {
			isa = PBXNativeTarget;
			buildConfigurationList = 84A75CCC25EAD30A00D19849 /* Build configuration list for PBXNativeTarget "Aviasale" */;
			buildPhases = (
				84A75CAC25EAD30900D19849 /* Sources */,
				84A75CAD25EAD30900D19849 /* Frameworks */,
				84A75CAE25EAD30900D19849 /* Resources */,
			);
			buildRules = (
			);
			dependencies = (
			);
			name = Aviasale;
			productName = Aviasale;
			productReference = 84A75CB025EAD30900D19849 /* Aviasale.app */;
			productType = "com.apple.product-type.application";
		};
/* End PBXNativeTarget section */

/* Begin PBXProject section */
		84A75CA825EAD30900D19849 /* Project object */ = {
			isa = PBXProject;
			attributes = {
				LastUpgradeCheck = 1240;
				TargetAttributes = {
					84A75CAF25EAD30900D19849 = {
						CreatedOnToolsVersion = 12.4;
					};
				};
			};
			buildConfigurationList = 84A75CAB25EAD30900D19849 /* Build configuration list for PBXProject "Aviasale" */;
			compatibilityVersion = "Xcode 9.3";
			developmentRegion = en;
			hasScannedForEncodings = 0;
			knownRegions = (
				en,
				Base,
			);
			mainGroup = 84A75CA725EAD30900D19849;
			productRefGroup = 84A75CB125EAD30900D19849 /* Products */;
			projectDirPath = "";
			projectRoot = "";
			targets = (
				84A75CAF25EAD30900D19849 /* Aviasale */,
			);
		};
/* End PBXProject section */

/* Begin PBXResourcesBuildPhase section */
		84A75CAE25EAD30900D19849 /* Resources */ = {
			isa = PBXResourcesBuildPhase;
			buildActionMask = 2147483647;
			files = (
				84A75CC625EAD30A00D19849 /* LaunchScreen.storyboard in Resources */,
				84A75CC325EAD30A00D19849 /* Assets.xcassets in Resources */,
				84A75CBE25EAD30900D19849 /* Main.storyboard in Resources */,
			);
			runOnlyForDeploymentPostprocessing = 0;
		};
/* End PBXResourcesBuildPhase section */

/* Begin PBXSourcesBuildPhase section */
		84A75CAC25EAD30900D19849 /* Sources */ = {
			isa = PBXSourcesBuildPhase;
			buildActionMask = 2147483647;
			files = (
				84A75CC925EAD30A00D19849 /* main.m in Sources */,
				84A75CBB25EAD30900D19849 /* ViewController.m in Sources */,
				84A75CB525EAD30900D19849 /* AppDelegate.m in Sources */,
				84A75CB825EAD30900D19849 /* SceneDelegate.m in Sources */,
				84A75CC125EAD30900D19849 /* Aviasale.xcdatamodeld in Sources */,
			);
			runOnlyForDeploymentPostprocessing = 0;
		};
/* End PBXSourcesBuildPhase section */

/* Begin PBXVariantGroup section */
		84A75CBC25EAD30900D19849 /* Main.storyboard */ = {
			isa = PBXVariantGroup;
			children = (
				84A75CBD25EAD30900D19849 /* Base */,
			);
			name = Main.storyboard;
			sourceTree = "<group>";
		};
		84A75CC425EAD30A00D19849 /* LaunchScreen.storyboard */ = {
			isa = PBXVariantGroup;
			children = (
				84A75CC525EAD30A00D19849 /* Base */,
			);
			name = LaunchScreen.storyboard;
			sourceTree = "<group>";
		};
/* End PBXVariantGroup section */

/* Begin XCBuildConfiguration section */
		84A75CCA25EAD30A00D19849 /* Debug */ = {
			isa = XCBuildConfiguration;
			buildSettings = {
				ALWAYS_SEARCH_USER_PATHS = NO;
				CLANG_ANALYZER_NONNULL = YES;
				CLANG_ANALYZER_NUMBER_OBJECT_CONVERSION = YES_AGGRESSIVE;
				CLANG_CXX_LANGUAGE_STANDARD = "gnu++14";
				CLANG_CXX_LIBRARY = "libc++";
				CLANG_ENABLE_MODULES = YES;
				CLANG_ENABLE_OBJC_ARC = YES;
				CLANG_ENABLE_OBJC_WEAK = YES;
				CLANG_WARN_BLOCK_CAPTURE_AUTORELEASING = YES;
				CLANG_WARN_BOOL_CONVERSION = YES;
				CLANG_WARN_COMMA = YES;
				CLANG_WARN_CONSTANT_CONVERSION = YES;
				CLANG_WARN_DEPRECATED_OBJC_IMPLEMENTATIONS = YES;
				CLANG_WARN_DIRECT_OBJC_ISA_USAGE = YES_ERROR;
				CLANG_WARN_DOCUMENTATION_COMMENTS = YES;
				CLANG_WARN_EMPTY_BODY = YES;
				CLANG_WARN_ENUM_CONVERSION = YES;
				CLANG_WARN_INFINITE_RECURSION = YES;
				CLANG_WARN_INT_CONVERSION = YES;
				CLANG_WARN_NON_LITERAL_NULL_CONVERSION = YES;
				CLANG_WARN_OBJC_IMPLICIT_RETAIN_SELF = YES;
				CLANG_WARN_OBJC_LITERAL_CONVERSION = YES;
				CLANG_WARN_OBJC_ROOT_CLASS = YES_ERROR;
				CLANG_WARN_QUOTED_INCLUDE_IN_FRAMEWORK_HEADER = YES;
				CLANG_WARN_RANGE_LOOP_ANALYSIS = YES;
				CLANG_WARN_STRICT_PROTOTYPES = YES;
				CLANG_WARN_SUSPICIOUS_MOVE = YES;
				CLANG_WARN_UNGUARDED_AVAILABILITY = YES_AGGRESSIVE;
				CLANG_WARN_UNREACHABLE_CODE = YES;
				CLANG_WARN__DUPLICATE_METHOD_MATCH = YES;
				COPY_PHASE_STRIP = NO;
				DEBUG_INFORMATION_FORMAT = dwarf;
				ENABLE_STRICT_OBJC_MSGSEND = YES;
				ENABLE_TESTABILITY = YES;
				GCC_C_LANGUAGE_STANDARD = gnu11;
				GCC_DYNAMIC_NO_PIC = NO;
				GCC_NO_COMMON_BLOCKS = YES;
				GCC_OPTIMIZATION_LEVEL = 0;
				GCC_PREPROCESSOR_DEFINITIONS = (
					"DEBUG=1",
					"$(inherited)",
				);
				GCC_WARN_64_TO_32_BIT_CONVERSION = YES;
				GCC_WARN_ABOUT_RETURN_TYPE = YES_ERROR;
				GCC_WARN_UNDECLARED_SELECTOR = YES;
				GCC_WARN_UNINITIALIZED_AUTOS = YES_AGGRESSIVE;
				GCC_WARN_UNUSED_FUNCTION = YES;
				GCC_WARN_UNUSED_VARIABLE = YES;
				IPHONEOS_DEPLOYMENT_TARGET = 14.4;
				MTL_ENABLE_DEBUG_INFO = INCLUDE_SOURCE;
				MTL_FAST_MATH = YES;
				ONLY_ACTIVE_ARCH = YES;
				SDKROOT = iphoneos;
			};
			name = Debug;
		};
		84A75CCB25EAD30A00D19849 /* Release */ = {
			isa = XCBuildConfiguration;
			buildSettings = {
				ALWAYS_SEARCH_USER_PATHS = NO;
				CLANG_ANALYZER_NONNULL = YES;
				CLANG_ANALYZER_NUMBER_OBJECT_CONVERSION = YES_AGGRESSIVE;
				CLANG_CXX_LANGUAGE_STANDARD = "gnu++14";
				CLANG_CXX_LIBRARY = "libc++";
				CLANG_ENABLE_MODULES = YES;
				CLANG_ENABLE_OBJC_ARC = YES;
				CLANG_ENABLE_OBJC_WEAK = YES;
				CLANG_WARN_BLOCK_CAPTURE_AUTORELEASING = YES;
				CLANG_WARN_BOOL_CONVERSION = YES;
				CLANG_WARN_COMMA = YES;
				CLANG_WARN_CONSTANT_CONVERSION = YES;
				CLANG_WARN_DEPRECATED_OBJC_IMPLEMENTATIONS = YES;
				CLANG_WARN_DIRECT_OBJC_ISA_USAGE = YES_ERROR;
				CLANG_WARN_DOCUMENTATION_COMMENTS = YES;
				CLANG_WARN_EMPTY_BODY = YES;
				CLANG_WARN_ENUM_CONVERSION = YES;
				CLANG_WARN_INFINITE_RECURSION = YES;
				CLANG_WARN_INT_CONVERSION = YES;
				CLANG_WARN_NON_LITERAL_NULL_CONVERSION = YES;
				CLANG_WARN_OBJC_IMPLICIT_RETAIN_SELF = YES;
				CLANG_WARN_OBJC_LITERAL_CONVERSION = YES;
				CLANG_WARN_OBJC_ROOT_CLASS = YES_ERROR;
				CLANG_WARN_QUOTED_INCLUDE_IN_FRAMEWORK_HEADER = YES;
				CLANG_WARN_RANGE_LOOP_ANALYSIS = YES;
				CLANG_WARN_STRICT_PROTOTYPES = YES;
				CLANG_WARN_SUSPICIOUS_MOVE = YES;
				CLANG_WARN_UNGUARDED_AVAILABILITY = YES_AGGRESSIVE;
				CLANG_WARN_UNREACHABLE_CODE = YES;
				CLANG_WARN__DUPLICATE_METHOD_MATCH = YES;
				COPY_PHASE_STRIP = NO;
				DEBUG_INFORMATION_FORMAT = "dwarf-with-dsym";
				ENABLE_NS_ASSERTIONS = NO;
				ENABLE_STRICT_OBJC_MSGSEND = YES;
				GCC_C_LANGUAGE_STANDARD = gnu11;
				GCC_NO_COMMON_BLOCKS = YES;
				GCC_WARN_64_TO_32_BIT_CONVERSION = YES;
				GCC_WARN_ABOUT_RETURN_TYPE = YES_ERROR;
				GCC_WARN_UNDECLARED_SELECTOR = YES;
				GCC_WARN_UNINITIALIZED_AUTOS = YES_AGGRESSIVE;
				GCC_WARN_UNUSED_FUNCTION = YES;
				GCC_WARN_UNUSED_VARIABLE = YES;
				IPHONEOS_DEPLOYMENT_TARGET = 14.4;
				MTL_ENABLE_DEBUG_INFO = NO;
				MTL_FAST_MATH = YES;
				SDKROOT = iphoneos;
				VALIDATE_PRODUCT = YES;
			};
			name = Release;
		};
		84A75CCD25EAD30A00D19849 /* Debug */ = {
			isa = XCBuildConfiguration;
			buildSettings = {
				ASSETCATALOG_COMPILER_APPICON_NAME = AppIcon;
				ASSETCATALOG_COMPILER_GLOBAL_ACCENT_COLOR_NAME = AccentColor;
				CODE_SIGN_STYLE = Automatic;
				DEVELOPMENT_TEAM = 58ZQ5G77TJ;
				INFOPLIST_FILE = Aviasale/Info.plist;
				LD_RUNPATH_SEARCH_PATHS = (
					"$(inherited)",
					"@executable_path/Frameworks",
				);
				PRODUCT_BUNDLE_IDENTIFIER = com.LearnLab.Aviasale;
				PRODUCT_NAME = "$(TARGET_NAME)";
				TARGETED_DEVICE_FAMILY = "1,2";
			};
			name = Debug;
		};
		84A75CCE25EAD30A00D19849 /* Release */ = {
			isa = XCBuildConfiguration;
			buildSettings = {
				ASSETCATALOG_COMPILER_APPICON_NAME = AppIcon;
				ASSETCATALOG_COMPILER_GLOBAL_ACCENT_COLOR_NAME = AccentColor;
				CODE_SIGN_STYLE = Automatic;
				DEVELOPMENT_TEAM = 58ZQ5G77TJ;
				INFOPLIST_FILE = Aviasale/Info.plist;
				LD_RUNPATH_SEARCH_PATHS = (
					"$(inherited)",
					"@executable_path/Frameworks",
				);
				PRODUCT_BUNDLE_IDENTIFIER = com.LearnLab.Aviasale;
				PRODUCT_NAME = "$(TARGET_NAME)";
				TARGETED_DEVICE_FAMILY = "1,2";
			};
			name = Release;
		};
/* End XCBuildConfiguration section */

/* Begin XCConfigurationList section */
		84A75CAB25EAD30900D19849 /* Build configuration list for PBXProject "Aviasale" */ = {
			isa = XCConfigurationList;
			buildConfigurations = (
				84A75CCA25EAD30A00D19849 /* Debug */,
				84A75CCB25EAD30A00D19849 /* Release */,
			);
			defaultConfigurationIsVisible = 0;
			defaultConfigurationName = Release;
		};
		84A75CCC25EAD30A00D19849 /* Build configuration list for PBXNativeTarget "Aviasale" */ = {
			isa = XCConfigurationList;
			buildConfigurations = (
				84A75CCD25EAD30A00D19849 /* Debug */,
				84A75CCE25EAD30A00D19849 /* Release */,
			);
			defaultConfigurationIsVisible = 0;
			defaultConfigurationName = Release;
		};
/* End XCConfigurationList section */

/* Begin XCVersionGroup section */
		84A75CBF25EAD30900D19849 /* Aviasale.xcdatamodeld */ = {
			isa = XCVersionGroup;
			children = (
				84A75CC025EAD30900D19849 /* Aviasale.xcdatamodel */,
			);
			currentVersion = 84A75CC025EAD30900D19849 /* Aviasale.xcdatamodel */;
			path = Aviasale.xcdatamodeld;
			sourceTree = "<group>";
			versionGroupType = wrapper.xcdatamodel;
		};
/* End XCVersionGroup section */
	};
	rootObject = 84A75CA825EAD30900D19849 /* Project object */;
}
